
Microsoft Visual Studio Solution File, Format Version 12.00
# Visual Studio Version 17
VisualStudioVersion = 17.10.35122.118
MinimumVisualStudioVersion = 10.0.40219.1
Project("{FAE04EC0-301F-11D3-BF4B-00C04F79EFBC}") = "quadradoEstatico", "quadradoEstatico\quadradoEstatico.csproj", "{0B1FA95E-CAB9-4565-845D-735E542FFCE0}"
EndProject
Global
	GlobalSection(SolutionConfigurationPlatforms) = preSolution
		Debug|Any CPU = Debug|Any CPU
		Release|Any CPU = Release|Any CPU
	EndGlobalSection
	GlobalSection(ProjectConfigurationPlatforms) = postSolution
		{0B1FA95E-CAB9-4565-845D-735E542FFCE0}.Debug|Any CPU.ActiveCfg = Debug|Any CPU
		{0B1FA95E-CAB9-4565-845D-735E542FFCE0}.Debug|Any CPU.Build.0 = Debug|Any CPU
		{0B1FA95E-CAB9-4565-845D-735E542FFCE0}.Release|Any CPU.ActiveCfg = Release|Any CPU
		{0B1FA95E-CAB9-4565-845D-735E542FFCE0}.Release|Any CPU.Build.0 = Release|Any CPU
	EndGlobalSection
	GlobalSection(SolutionProperties) = preSolution
		HideSolutionNode = FALSE
	EndGlobalSection
	GlobalSection(ExtensibilityGlobals) = postSolution
		SolutionGuid = {3513E576-5338-438A-B16C-8D5B1C44F711}
	EndGlobalSection
EndGlobal
