
Microsoft Visual Studio Solution File, Format Version 12.00
# Visual Studio Version 17
VisualStudioVersion = 17.10.35122.118
MinimumVisualStudioVersion = 10.0.40219.1
Project("{FAE04EC0-301F-11D3-BF4B-00C04F79EFBC}") = "senhaCorreta", "senhaCorreta\senhaCorreta.csproj", "{5D9684D6-C765-4044-9310-308C86DAE94D}"
EndProject
Global
	GlobalSection(SolutionConfigurationPlatforms) = preSolution
		Debug|Any CPU = Debug|Any CPU
		Release|Any CPU = Release|Any CPU
	EndGlobalSection
	GlobalSection(ProjectConfigurationPlatforms) = postSolution
		{5D9684D6-C765-4044-9310-308C86DAE94D}.Debug|Any CPU.ActiveCfg = Debug|Any CPU
		{5D9684D6-C765-4044-9310-308C86DAE94D}.Debug|Any CPU.Build.0 = Debug|Any CPU
		{5D9684D6-C765-4044-9310-308C86DAE94D}.Release|Any CPU.ActiveCfg = Release|Any CPU
		{5D9684D6-C765-4044-9310-308C86DAE94D}.Release|Any CPU.Build.0 = Release|Any CPU
	EndGlobalSection
	GlobalSection(SolutionProperties) = preSolution
		HideSolutionNode = FALSE
	EndGlobalSection
	GlobalSection(ExtensibilityGlobals) = postSolution
		SolutionGuid = {21472B9E-03A8-4B38-829D-5D182B92E303}
	EndGlobalSection
EndGlobal
