
Microsoft Visual Studio Solution File, Format Version 12.00
# Visual Studio Version 17
VisualStudioVersion = 17.10.35027.167
MinimumVisualStudioVersion = 10.0.40219.1
Project("{FAE04EC0-301F-11D3-BF4B-00C04F79EFBC}") = "primeiro projeto", "primeiro projeto\primeiro projeto.csproj", "{35EFE40E-EE71-4BE6-8EC1-C457FBD4C2EB}"
EndProject
Global
	GlobalSection(SolutionConfigurationPlatforms) = preSolution
		Debug|Any CPU = Debug|Any CPU
		Release|Any CPU = Release|Any CPU
	EndGlobalSection
	GlobalSection(ProjectConfigurationPlatforms) = postSolution
		{35EFE40E-EE71-4BE6-8EC1-C457FBD4C2EB}.Debug|Any CPU.ActiveCfg = Debug|Any CPU
		{35EFE40E-EE71-4BE6-8EC1-C457FBD4C2EB}.Debug|Any CPU.Build.0 = Debug|Any CPU
		{35EFE40E-EE71-4BE6-8EC1-C457FBD4C2EB}.Release|Any CPU.ActiveCfg = Release|Any CPU
		{35EFE40E-EE71-4BE6-8EC1-C457FBD4C2EB}.Release|Any CPU.Build.0 = Release|Any CPU
	EndGlobalSection
	GlobalSection(SolutionProperties) = preSolution
		HideSolutionNode = FALSE
	EndGlobalSection
	GlobalSection(ExtensibilityGlobals) = postSolution
		SolutionGuid = {2D3461EC-35BF-4558-B6EC-9108F7A35265}
	EndGlobalSection
EndGlobal
