
Microsoft Visual Studio Solution File, Format Version 12.00
# Visual Studio Version 17
VisualStudioVersion = 17.10.35122.118
MinimumVisualStudioVersion = 10.0.40219.1
Project("{FAE04EC0-301F-11D3-BF4B-00C04F79EFBC}") = "numeroSecreto", "numeroSecreto\numeroSecreto.csproj", "{22095505-AD2C-4F94-A21B-F25547D88314}"
EndProject
Global
	GlobalSection(SolutionConfigurationPlatforms) = preSolution
		Debug|Any CPU = Debug|Any CPU
		Release|Any CPU = Release|Any CPU
	EndGlobalSection
	GlobalSection(ProjectConfigurationPlatforms) = postSolution
		{22095505-AD2C-4F94-A21B-F25547D88314}.Debug|Any CPU.ActiveCfg = Debug|Any CPU
		{22095505-AD2C-4F94-A21B-F25547D88314}.Debug|Any CPU.Build.0 = Debug|Any CPU
		{22095505-AD2C-4F94-A21B-F25547D88314}.Release|Any CPU.ActiveCfg = Release|Any CPU
		{22095505-AD2C-4F94-A21B-F25547D88314}.Release|Any CPU.Build.0 = Release|Any CPU
	EndGlobalSection
	GlobalSection(SolutionProperties) = preSolution
		HideSolutionNode = FALSE
	EndGlobalSection
	GlobalSection(ExtensibilityGlobals) = postSolution
		SolutionGuid = {40DB6AD1-B96E-444D-A3B1-C6031628BF1B}
	EndGlobalSection
EndGlobal
