
Microsoft Visual Studio Solution File, Format Version 12.00
# Visual Studio Version 17
VisualStudioVersion = 17.10.35122.118
MinimumVisualStudioVersion = 10.0.40219.1
Project("{FAE04EC0-301F-11D3-BF4B-00C04F79EFBC}") = "somarNumerosAte0", "somarNumerosAte0\somarNumerosAte0.csproj", "{7EB523F2-F136-4B26-B217-4BE58CA93651}"
EndProject
Global
	GlobalSection(SolutionConfigurationPlatforms) = preSolution
		Debug|Any CPU = Debug|Any CPU
		Release|Any CPU = Release|Any CPU
	EndGlobalSection
	GlobalSection(ProjectConfigurationPlatforms) = postSolution
		{7EB523F2-F136-4B26-B217-4BE58CA93651}.Debug|Any CPU.ActiveCfg = Debug|Any CPU
		{7EB523F2-F136-4B26-B217-4BE58CA93651}.Debug|Any CPU.Build.0 = Debug|Any CPU
		{7EB523F2-F136-4B26-B217-4BE58CA93651}.Release|Any CPU.ActiveCfg = Release|Any CPU
		{7EB523F2-F136-4B26-B217-4BE58CA93651}.Release|Any CPU.Build.0 = Release|Any CPU
	EndGlobalSection
	GlobalSection(SolutionProperties) = preSolution
		HideSolutionNode = FALSE
	EndGlobalSection
	GlobalSection(ExtensibilityGlobals) = postSolution
		SolutionGuid = {417C8A36-D64C-4274-9C19-B6B47B032710}
	EndGlobalSection
EndGlobal
