
Microsoft Visual Studio Solution File, Format Version 12.00
# Visual Studio Version 17
VisualStudioVersion = 17.10.35122.118
MinimumVisualStudioVersion = 10.0.40219.1
Project("{FAE04EC0-301F-11D3-BF4B-00C04F79EFBC}") = "Declarando e Inicializando um Array de Inteiros", "Declarando e Inicializando um Array de Inteiros\Declarando e Inicializando um Array de Inteiros.csproj", "{9BE572CF-772C-493D-8D59-D094F2A56958}"
EndProject
Global
	GlobalSection(SolutionConfigurationPlatforms) = preSolution
		Debug|Any CPU = Debug|Any CPU
		Release|Any CPU = Release|Any CPU
	EndGlobalSection
	GlobalSection(ProjectConfigurationPlatforms) = postSolution
		{9BE572CF-772C-493D-8D59-D094F2A56958}.Debug|Any CPU.ActiveCfg = Debug|Any CPU
		{9BE572CF-772C-493D-8D59-D094F2A56958}.Debug|Any CPU.Build.0 = Debug|Any CPU
		{9BE572CF-772C-493D-8D59-D094F2A56958}.Release|Any CPU.ActiveCfg = Release|Any CPU
		{9BE572CF-772C-493D-8D59-D094F2A56958}.Release|Any CPU.Build.0 = Release|Any CPU
	EndGlobalSection
	GlobalSection(SolutionProperties) = preSolution
		HideSolutionNode = FALSE
	EndGlobalSection
	GlobalSection(ExtensibilityGlobals) = postSolution
		SolutionGuid = {6E4869D4-C25B-4D0B-9C81-04BF38FC1F2D}
	EndGlobalSection
EndGlobal
