
Microsoft Visual Studio Solution File, Format Version 12.00
# Visual Studio Version 17
VisualStudioVersion = 17.10.35122.118
MinimumVisualStudioVersion = 10.0.40219.1
Project("{FAE04EC0-301F-11D3-BF4B-00C04F79EFBC}") = "Imprimindo uma Tabela", "Imprimindo uma Tabela\Imprimindo uma Tabela.csproj", "{153EC2FE-8FD7-41F2-9F29-6703550C6BA2}"
EndProject
Global
	GlobalSection(SolutionConfigurationPlatforms) = preSolution
		Debug|Any CPU = Debug|Any CPU
		Release|Any CPU = Release|Any CPU
	EndGlobalSection
	GlobalSection(ProjectConfigurationPlatforms) = postSolution
		{153EC2FE-8FD7-41F2-9F29-6703550C6BA2}.Debug|Any CPU.ActiveCfg = Debug|Any CPU
		{153EC2FE-8FD7-41F2-9F29-6703550C6BA2}.Debug|Any CPU.Build.0 = Debug|Any CPU
		{153EC2FE-8FD7-41F2-9F29-6703550C6BA2}.Release|Any CPU.ActiveCfg = Release|Any CPU
		{153EC2FE-8FD7-41F2-9F29-6703550C6BA2}.Release|Any CPU.Build.0 = Release|Any CPU
	EndGlobalSection
	GlobalSection(SolutionProperties) = preSolution
		HideSolutionNode = FALSE
	EndGlobalSection
	GlobalSection(ExtensibilityGlobals) = postSolution
		SolutionGuid = {6E519A71-7E08-4C17-886F-141350B9C4A1}
	EndGlobalSection
EndGlobal
